{
    "name": "envconverter",
    "version": "1.0.2",
    "lockfileVersion": 3,
    "requires": true,
    "packages": {
        "": {
            "name": "envconverter",
            "version": "1.0.2",
            "license": "MIT",
            "bin": {
                "envconverter": "bin/env-parser.js"
            },
            "engines": {
                "node": ">=20"
            }
        }
    }
}
